
Microsoft Visual Studio Solution File, Format Version 12.00
# Visual Studio Version 17
VisualStudioVersion = 17.14.36414.22
MinimumVisualStudioVersion = 10.0.40219.1
Project("{2150E333-8FDC-42A3-9474-1A3956D46DE8}") = "Task0", "Task0", "{36D591C7-65C7-A0D1-1CBC-10CDE441BDC8}"
EndProject
Project("{FAE04EC0-301F-11D3-BF4B-00C04F79EFBC}") = "Tyuiu.YarkovSD.Sprint4.Task0.V18", "Tyuiu.YarkovSD.Sprint4.Task0.V18\Tyuiu.YarkovSD.Sprint4.Task0.V18.csproj", "{B8218B07-265E-4057-9CEF-9D6440A5F404}"
EndProject
Project("{FAE04EC0-301F-11D3-BF4B-00C04F79EFBC}") = "Tyuiu.YarkovSD.Sprint4.Task0.V18.Lib", "Tyuiu.YarkovSD.Sprint4.Task0.V18.Lib\Tyuiu.YarkovSD.Sprint4.Task0.V18.Lib.csproj", "{0C550A0B-22C1-4EF3-A9BF-2A4BB64CC204}"
EndProject
Project("{FAE04EC0-301F-11D3-BF4B-00C04F79EFBC}") = "Tyuiu.YarkovSD.Sprint4.Task0.V18.Test", "Tyuiu.YarkovSD.Sprint4.Task0.V18.Test\Tyuiu.YarkovSD.Sprint4.Task0.V18.Test.csproj", "{821FF35F-5993-4DE1-9083-33614692660A}"
EndProject
Project("{2150E333-8FDC-42A3-9474-1A3956D46DE8}") = "Task1", "Task1", "{A8C26E1B-21F8-4A4F-AB30-32A87B0F01B8}"
EndProject
Project("{FAE04EC0-301F-11D3-BF4B-00C04F79EFBC}") = "Tyuiu.YarkovSD.Sprint4.Task1.V13", "Tyuiu.YarkovSD.Sprint4.Task1.V13\Tyuiu.YarkovSD.Sprint4.Task1.V13.csproj", "{ACF9D66D-28EC-4F0C-8690-8F95C73C6C6C}"
EndProject
Project("{FAE04EC0-301F-11D3-BF4B-00C04F79EFBC}") = "Tyuiu.YarkovSD.Sprint4.Task1.V13.Lib", "Tyuiu.YarkovSD.Sprint4.Task1.V13.Lib\Tyuiu.YarkovSD.Sprint4.Task1.V13.Lib.csproj", "{E91F0A65-2ED4-4B9E-B312-29FD34D46FC1}"
EndProject
Project("{FAE04EC0-301F-11D3-BF4B-00C04F79EFBC}") = "Tyuiu.YarkovSD.Sprint4.Task1.V13.Test", "Tyuiu.YarkovSD.Sprint4.Task1.V13.Test\Tyuiu.YarkovSD.Sprint4.Task1.V13.Test.csproj", "{75264D8F-B490-411D-A4CB-49AFFB443495}"
EndProject
Project("{2150E333-8FDC-42A3-9474-1A3956D46DE8}") = "Task2", "Task2", "{FBCC2E58-729E-42E5-BD55-7CA3559CB288}"
EndProject
Project("{FAE04EC0-301F-11D3-BF4B-00C04F79EFBC}") = "Tyuiu.YarkovSD.Sprint4.Task2.V7", "Tyuiu.YarkovSD.Sprint4.Task2.V7\Tyuiu.YarkovSD.Sprint4.Task2.V7.csproj", "{0AC7056E-8CA7-41AA-AEC7-CCB4A6C790F2}"
EndProject
Project("{FAE04EC0-301F-11D3-BF4B-00C04F79EFBC}") = "Tyuiu.YarkovSD.Sprint4.Task2.V7.Lib", "Tyuiu.YarkovSD.Sprint4.Task2.V7.Lib\Tyuiu.YarkovSD.Sprint4.Task2.V7.Lib.csproj", "{056E5F4B-1A0C-4108-9B90-31CB56C05796}"
EndProject
Project("{FAE04EC0-301F-11D3-BF4B-00C04F79EFBC}") = "Tyuiu.YarkovSD.Sprint4.Task2.V7.Test", "Tyuiu.YarkovSD.Sprint4.Task2.V7.Test\Tyuiu.YarkovSD.Sprint4.Task2.V7.Test.csproj", "{DEB5E79A-A9D0-4501-B2B8-822BDE9F7799}"
EndProject
Project("{2150E333-8FDC-42A3-9474-1A3956D46DE8}") = "Task3", "Task3", "{934B95C5-D0E5-4FCF-BC40-72BE1854B0EE}"
EndProject
Project("{FAE04EC0-301F-11D3-BF4B-00C04F79EFBC}") = "Tyuiu.YarkovSD.Sprint4.Task3.V22", "Tyuiu.YarkovSD.Sprint4.Task3.V22\Tyuiu.YarkovSD.Sprint4.Task3.V22.csproj", "{79AE599B-0D2F-4B9C-9147-838CEFE1B98A}"
EndProject
Project("{FAE04EC0-301F-11D3-BF4B-00C04F79EFBC}") = "Tyuiu.YarkovSD.Sprint4.Task3.V22.Lib", "Tyuiu.YarkovSD.Sprint4.Task3.V22.Lib\Tyuiu.YarkovSD.Sprint4.Task3.V22.Lib.csproj", "{F07A1603-C855-4997-8099-951C87B2C6B9}"
EndProject
Project("{FAE04EC0-301F-11D3-BF4B-00C04F79EFBC}") = "Tyuiu.YarkovSD.Sprint4.Task3.V22.Test", "Tyuiu.YarkovSD.Sprint4.Task3.V22.Test\Tyuiu.YarkovSD.Sprint4.Task3.V22.Test.csproj", "{5AC9CDDB-C44B-419C-8D7B-E7375BDD9CB7}"
EndProject
Project("{2150E333-8FDC-42A3-9474-1A3956D46DE8}") = "Task4", "Task4", "{02899351-0CBB-48C3-B916-036F37B6773C}"
EndProject
Project("{FAE04EC0-301F-11D3-BF4B-00C04F79EFBC}") = "Tyuiu.YarkovSD.Sprint4.Task4.V16", "Tyuiu.YarkovSD.Sprint4.Task4.V16\Tyuiu.YarkovSD.Sprint4.Task4.V16.csproj", "{F670CD75-4D8B-4685-ACB6-E7CAB1A4DE43}"
EndProject
Project("{FAE04EC0-301F-11D3-BF4B-00C04F79EFBC}") = "Tyuiu.YarkovSD.Sprint4.Task4.V16.Lib", "Tyuiu.YarkovSD.Sprint4.Task4.V16.Lib\Tyuiu.YarkovSD.Sprint4.Task4.V16.Lib.csproj", "{B8FF2F2B-DA67-42C2-B02B-722ECB8497C3}"
EndProject
Project("{FAE04EC0-301F-11D3-BF4B-00C04F79EFBC}") = "Tyuiu.YarkovSD.Sprint4.Task4.V16.Test", "Tyuiu.YarkovSD.Sprint4.Task4.V16.Test\Tyuiu.YarkovSD.Sprint4.Task4.V16.Test.csproj", "{7C589718-CD09-48EB-906E-E8EE5D51B449}"
EndProject
Project("{2150E333-8FDC-42A3-9474-1A3956D46DE8}") = "Task5", "Task5", "{6B715F4D-D77D-4092-91AC-6613A4735A10}"
EndProject
Project("{FAE04EC0-301F-11D3-BF4B-00C04F79EFBC}") = "Tyuiu.YarkovSD.Sprint4.Task5.V30", "Tyuiu.YarkovSD.Sprint4.Task5.V30\Tyuiu.YarkovSD.Sprint4.Task5.V30.csproj", "{DCD4BCF7-BC9C-43FC-802D-F013D53DB800}"
EndProject
Project("{FAE04EC0-301F-11D3-BF4B-00C04F79EFBC}") = "Tyuiu.YarkovSD.Sprint4.Task5.V30.Lib", "Tyuiu.YarkovSD.Sprint4.Task5.V30.Lib\Tyuiu.YarkovSD.Sprint4.Task5.V30.Lib.csproj", "{53197C00-33F6-4C88-BC3A-430AECF516C5}"
EndProject
Project("{FAE04EC0-301F-11D3-BF4B-00C04F79EFBC}") = "Tyuiu.YarkovSD.Sprint4.Task5.V30.Test", "Tyuiu.YarkovSD.Sprint4.Task5.V30.Test\Tyuiu.YarkovSD.Sprint4.Task5.V30.Test.csproj", "{F6D60F91-2A24-4341-BBE3-100909A2D2B1}"
EndProject
Project("{2150E333-8FDC-42A3-9474-1A3956D46DE8}") = "Task6", "Task6", "{DBE92AC7-C2F4-440D-BAC0-CB0C6C1C1830}"
EndProject
Project("{FAE04EC0-301F-11D3-BF4B-00C04F79EFBC}") = "Tyuiu.YarkovSD.Sprint4.Task6.V1", "Tyuiu.YarkovSD.Sprint4.Task6.V1\Tyuiu.YarkovSD.Sprint4.Task6.V1.csproj", "{AD91811B-647D-4FD9-BDC2-4B3191AC6BF6}"
EndProject
Project("{FAE04EC0-301F-11D3-BF4B-00C04F79EFBC}") = "Tyuiu.YarkovSD.Sprint4.Task6.V1.Lib", "Tyuiu.YarkovSD.Sprint4.Task6.V1.Lib\Tyuiu.YarkovSD.Sprint4.Task6.V1.Lib.csproj", "{31039B72-F164-4E8F-AD5F-E2918F362D7F}"
EndProject
Project("{FAE04EC0-301F-11D3-BF4B-00C04F79EFBC}") = "Tyuiu.YarkovSD.Sprint4.Task6.V1.Test", "Tyuiu.YarkovSD.Sprint4.Task6.V1.Test\Tyuiu.YarkovSD.Sprint4.Task6.V1.Test.csproj", "{A52FDAD7-E1D5-4CAB-A415-5CE5FF79A6FF}"
EndProject
Global
	GlobalSection(SolutionConfigurationPlatforms) = preSolution
		Debug|Any CPU = Debug|Any CPU
		Release|Any CPU = Release|Any CPU
	EndGlobalSection
	GlobalSection(ProjectConfigurationPlatforms) = postSolution
		{B8218B07-265E-4057-9CEF-9D6440A5F404}.Debug|Any CPU.ActiveCfg = Debug|Any CPU
		{B8218B07-265E-4057-9CEF-9D6440A5F404}.Debug|Any CPU.Build.0 = Debug|Any CPU
		{B8218B07-265E-4057-9CEF-9D6440A5F404}.Release|Any CPU.ActiveCfg = Release|Any CPU
		{B8218B07-265E-4057-9CEF-9D6440A5F404}.Release|Any CPU.Build.0 = Release|Any CPU
		{0C550A0B-22C1-4EF3-A9BF-2A4BB64CC204}.Debug|Any CPU.ActiveCfg = Debug|Any CPU
		{0C550A0B-22C1-4EF3-A9BF-2A4BB64CC204}.Debug|Any CPU.Build.0 = Debug|Any CPU
		{0C550A0B-22C1-4EF3-A9BF-2A4BB64CC204}.Release|Any CPU.ActiveCfg = Release|Any CPU
		{0C550A0B-22C1-4EF3-A9BF-2A4BB64CC204}.Release|Any CPU.Build.0 = Release|Any CPU
		{821FF35F-5993-4DE1-9083-33614692660A}.Debug|Any CPU.ActiveCfg = Debug|Any CPU
		{821FF35F-5993-4DE1-9083-33614692660A}.Debug|Any CPU.Build.0 = Debug|Any CPU
		{821FF35F-5993-4DE1-9083-33614692660A}.Release|Any CPU.ActiveCfg = Release|Any CPU
		{821FF35F-5993-4DE1-9083-33614692660A}.Release|Any CPU.Build.0 = Release|Any CPU
		{ACF9D66D-28EC-4F0C-8690-8F95C73C6C6C}.Debug|Any CPU.ActiveCfg = Debug|Any CPU
		{ACF9D66D-28EC-4F0C-8690-8F95C73C6C6C}.Debug|Any CPU.Build.0 = Debug|Any CPU
		{ACF9D66D-28EC-4F0C-8690-8F95C73C6C6C}.Release|Any CPU.ActiveCfg = Release|Any CPU
		{ACF9D66D-28EC-4F0C-8690-8F95C73C6C6C}.Release|Any CPU.Build.0 = Release|Any CPU
		{E91F0A65-2ED4-4B9E-B312-29FD34D46FC1}.Debug|Any CPU.ActiveCfg = Debug|Any CPU
		{E91F0A65-2ED4-4B9E-B312-29FD34D46FC1}.Debug|Any CPU.Build.0 = Debug|Any CPU
		{E91F0A65-2ED4-4B9E-B312-29FD34D46FC1}.Release|Any CPU.ActiveCfg = Release|Any CPU
		{E91F0A65-2ED4-4B9E-B312-29FD34D46FC1}.Release|Any CPU.Build.0 = Release|Any CPU
		{75264D8F-B490-411D-A4CB-49AFFB443495}.Debug|Any CPU.ActiveCfg = Debug|Any CPU
		{75264D8F-B490-411D-A4CB-49AFFB443495}.Debug|Any CPU.Build.0 = Debug|Any CPU
		{75264D8F-B490-411D-A4CB-49AFFB443495}.Release|Any CPU.ActiveCfg = Release|Any CPU
		{75264D8F-B490-411D-A4CB-49AFFB443495}.Release|Any CPU.Build.0 = Release|Any CPU
		{0AC7056E-8CA7-41AA-AEC7-CCB4A6C790F2}.Debug|Any CPU.ActiveCfg = Debug|Any CPU
		{0AC7056E-8CA7-41AA-AEC7-CCB4A6C790F2}.Debug|Any CPU.Build.0 = Debug|Any CPU
		{0AC7056E-8CA7-41AA-AEC7-CCB4A6C790F2}.Release|Any CPU.ActiveCfg = Release|Any CPU
		{0AC7056E-8CA7-41AA-AEC7-CCB4A6C790F2}.Release|Any CPU.Build.0 = Release|Any CPU
		{056E5F4B-1A0C-4108-9B90-31CB56C05796}.Debug|Any CPU.ActiveCfg = Debug|Any CPU
		{056E5F4B-1A0C-4108-9B90-31CB56C05796}.Debug|Any CPU.Build.0 = Debug|Any CPU
		{056E5F4B-1A0C-4108-9B90-31CB56C05796}.Release|Any CPU.ActiveCfg = Release|Any CPU
		{056E5F4B-1A0C-4108-9B90-31CB56C05796}.Release|Any CPU.Build.0 = Release|Any CPU
		{DEB5E79A-A9D0-4501-B2B8-822BDE9F7799}.Debug|Any CPU.ActiveCfg = Debug|Any CPU
		{DEB5E79A-A9D0-4501-B2B8-822BDE9F7799}.Debug|Any CPU.Build.0 = Debug|Any CPU
		{DEB5E79A-A9D0-4501-B2B8-822BDE9F7799}.Release|Any CPU.ActiveCfg = Release|Any CPU
		{DEB5E79A-A9D0-4501-B2B8-822BDE9F7799}.Release|Any CPU.Build.0 = Release|Any CPU
		{79AE599B-0D2F-4B9C-9147-838CEFE1B98A}.Debug|Any CPU.ActiveCfg = Debug|Any CPU
		{79AE599B-0D2F-4B9C-9147-838CEFE1B98A}.Debug|Any CPU.Build.0 = Debug|Any CPU
		{79AE599B-0D2F-4B9C-9147-838CEFE1B98A}.Release|Any CPU.ActiveCfg = Release|Any CPU
		{79AE599B-0D2F-4B9C-9147-838CEFE1B98A}.Release|Any CPU.Build.0 = Release|Any CPU
		{F07A1603-C855-4997-8099-951C87B2C6B9}.Debug|Any CPU.ActiveCfg = Debug|Any CPU
		{F07A1603-C855-4997-8099-951C87B2C6B9}.Debug|Any CPU.Build.0 = Debug|Any CPU
		{F07A1603-C855-4997-8099-951C87B2C6B9}.Release|Any CPU.ActiveCfg = Release|Any CPU
		{F07A1603-C855-4997-8099-951C87B2C6B9}.Release|Any CPU.Build.0 = Release|Any CPU
		{5AC9CDDB-C44B-419C-8D7B-E7375BDD9CB7}.Debug|Any CPU.ActiveCfg = Debug|Any CPU
		{5AC9CDDB-C44B-419C-8D7B-E7375BDD9CB7}.Debug|Any CPU.Build.0 = Debug|Any CPU
		{5AC9CDDB-C44B-419C-8D7B-E7375BDD9CB7}.Release|Any CPU.ActiveCfg = Release|Any CPU
		{5AC9CDDB-C44B-419C-8D7B-E7375BDD9CB7}.Release|Any CPU.Build.0 = Release|Any CPU
		{F670CD75-4D8B-4685-ACB6-E7CAB1A4DE43}.Debug|Any CPU.ActiveCfg = Debug|Any CPU
		{F670CD75-4D8B-4685-ACB6-E7CAB1A4DE43}.Debug|Any CPU.Build.0 = Debug|Any CPU
		{F670CD75-4D8B-4685-ACB6-E7CAB1A4DE43}.Release|Any CPU.ActiveCfg = Release|Any CPU
		{F670CD75-4D8B-4685-ACB6-E7CAB1A4DE43}.Release|Any CPU.Build.0 = Release|Any CPU
		{B8FF2F2B-DA67-42C2-B02B-722ECB8497C3}.Debug|Any CPU.ActiveCfg = Debug|Any CPU
		{B8FF2F2B-DA67-42C2-B02B-722ECB8497C3}.Debug|Any CPU.Build.0 = Debug|Any CPU
		{B8FF2F2B-DA67-42C2-B02B-722ECB8497C3}.Release|Any CPU.ActiveCfg = Release|Any CPU
		{B8FF2F2B-DA67-42C2-B02B-722ECB8497C3}.Release|Any CPU.Build.0 = Release|Any CPU
		{7C589718-CD09-48EB-906E-E8EE5D51B449}.Debug|Any CPU.ActiveCfg = Debug|Any CPU
		{7C589718-CD09-48EB-906E-E8EE5D51B449}.Debug|Any CPU.Build.0 = Debug|Any CPU
		{7C589718-CD09-48EB-906E-E8EE5D51B449}.Release|Any CPU.ActiveCfg = Release|Any CPU
		{7C589718-CD09-48EB-906E-E8EE5D51B449}.Release|Any CPU.Build.0 = Release|Any CPU
		{DCD4BCF7-BC9C-43FC-802D-F013D53DB800}.Debug|Any CPU.ActiveCfg = Debug|Any CPU
		{DCD4BCF7-BC9C-43FC-802D-F013D53DB800}.Debug|Any CPU.Build.0 = Debug|Any CPU
		{DCD4BCF7-BC9C-43FC-802D-F013D53DB800}.Release|Any CPU.ActiveCfg = Release|Any CPU
		{DCD4BCF7-BC9C-43FC-802D-F013D53DB800}.Release|Any CPU.Build.0 = Release|Any CPU
		{53197C00-33F6-4C88-BC3A-430AECF516C5}.Debug|Any CPU.ActiveCfg = Debug|Any CPU
		{53197C00-33F6-4C88-BC3A-430AECF516C5}.Debug|Any CPU.Build.0 = Debug|Any CPU
		{53197C00-33F6-4C88-BC3A-430AECF516C5}.Release|Any CPU.ActiveCfg = Release|Any CPU
		{53197C00-33F6-4C88-BC3A-430AECF516C5}.Release|Any CPU.Build.0 = Release|Any CPU
		{F6D60F91-2A24-4341-BBE3-100909A2D2B1}.Debug|Any CPU.ActiveCfg = Debug|Any CPU
		{F6D60F91-2A24-4341-BBE3-100909A2D2B1}.Debug|Any CPU.Build.0 = Debug|Any CPU
		{F6D60F91-2A24-4341-BBE3-100909A2D2B1}.Release|Any CPU.ActiveCfg = Release|Any CPU
		{F6D60F91-2A24-4341-BBE3-100909A2D2B1}.Release|Any CPU.Build.0 = Release|Any CPU
		{AD91811B-647D-4FD9-BDC2-4B3191AC6BF6}.Debug|Any CPU.ActiveCfg = Debug|Any CPU
		{AD91811B-647D-4FD9-BDC2-4B3191AC6BF6}.Debug|Any CPU.Build.0 = Debug|Any CPU
		{AD91811B-647D-4FD9-BDC2-4B3191AC6BF6}.Release|Any CPU.ActiveCfg = Release|Any CPU
		{AD91811B-647D-4FD9-BDC2-4B3191AC6BF6}.Release|Any CPU.Build.0 = Release|Any CPU
		{31039B72-F164-4E8F-AD5F-E2918F362D7F}.Debug|Any CPU.ActiveCfg = Debug|Any CPU
		{31039B72-F164-4E8F-AD5F-E2918F362D7F}.Debug|Any CPU.Build.0 = Debug|Any CPU
		{31039B72-F164-4E8F-AD5F-E2918F362D7F}.Release|Any CPU.ActiveCfg = Release|Any CPU
		{31039B72-F164-4E8F-AD5F-E2918F362D7F}.Release|Any CPU.Build.0 = Release|Any CPU
		{A52FDAD7-E1D5-4CAB-A415-5CE5FF79A6FF}.Debug|Any CPU.ActiveCfg = Debug|Any CPU
		{A52FDAD7-E1D5-4CAB-A415-5CE5FF79A6FF}.Debug|Any CPU.Build.0 = Debug|Any CPU
		{A52FDAD7-E1D5-4CAB-A415-5CE5FF79A6FF}.Release|Any CPU.ActiveCfg = Release|Any CPU
		{A52FDAD7-E1D5-4CAB-A415-5CE5FF79A6FF}.Release|Any CPU.Build.0 = Release|Any CPU
	EndGlobalSection
	GlobalSection(SolutionProperties) = preSolution
		HideSolutionNode = FALSE
	EndGlobalSection
	GlobalSection(NestedProjects) = preSolution
		{B8218B07-265E-4057-9CEF-9D6440A5F404} = {36D591C7-65C7-A0D1-1CBC-10CDE441BDC8}
		{0C550A0B-22C1-4EF3-A9BF-2A4BB64CC204} = {36D591C7-65C7-A0D1-1CBC-10CDE441BDC8}
		{821FF35F-5993-4DE1-9083-33614692660A} = {36D591C7-65C7-A0D1-1CBC-10CDE441BDC8}
		{ACF9D66D-28EC-4F0C-8690-8F95C73C6C6C} = {A8C26E1B-21F8-4A4F-AB30-32A87B0F01B8}
		{E91F0A65-2ED4-4B9E-B312-29FD34D46FC1} = {A8C26E1B-21F8-4A4F-AB30-32A87B0F01B8}
		{75264D8F-B490-411D-A4CB-49AFFB443495} = {A8C26E1B-21F8-4A4F-AB30-32A87B0F01B8}
		{0AC7056E-8CA7-41AA-AEC7-CCB4A6C790F2} = {FBCC2E58-729E-42E5-BD55-7CA3559CB288}
		{056E5F4B-1A0C-4108-9B90-31CB56C05796} = {FBCC2E58-729E-42E5-BD55-7CA3559CB288}
		{DEB5E79A-A9D0-4501-B2B8-822BDE9F7799} = {FBCC2E58-729E-42E5-BD55-7CA3559CB288}
		{79AE599B-0D2F-4B9C-9147-838CEFE1B98A} = {934B95C5-D0E5-4FCF-BC40-72BE1854B0EE}
		{F07A1603-C855-4997-8099-951C87B2C6B9} = {934B95C5-D0E5-4FCF-BC40-72BE1854B0EE}
		{5AC9CDDB-C44B-419C-8D7B-E7375BDD9CB7} = {934B95C5-D0E5-4FCF-BC40-72BE1854B0EE}
		{F670CD75-4D8B-4685-ACB6-E7CAB1A4DE43} = {02899351-0CBB-48C3-B916-036F37B6773C}
		{B8FF2F2B-DA67-42C2-B02B-722ECB8497C3} = {02899351-0CBB-48C3-B916-036F37B6773C}
		{7C589718-CD09-48EB-906E-E8EE5D51B449} = {02899351-0CBB-48C3-B916-036F37B6773C}
		{DCD4BCF7-BC9C-43FC-802D-F013D53DB800} = {6B715F4D-D77D-4092-91AC-6613A4735A10}
		{53197C00-33F6-4C88-BC3A-430AECF516C5} = {6B715F4D-D77D-4092-91AC-6613A4735A10}
		{F6D60F91-2A24-4341-BBE3-100909A2D2B1} = {6B715F4D-D77D-4092-91AC-6613A4735A10}
		{AD91811B-647D-4FD9-BDC2-4B3191AC6BF6} = {DBE92AC7-C2F4-440D-BAC0-CB0C6C1C1830}
		{31039B72-F164-4E8F-AD5F-E2918F362D7F} = {DBE92AC7-C2F4-440D-BAC0-CB0C6C1C1830}
		{A52FDAD7-E1D5-4CAB-A415-5CE5FF79A6FF} = {DBE92AC7-C2F4-440D-BAC0-CB0C6C1C1830}
	EndGlobalSection
	GlobalSection(ExtensibilityGlobals) = postSolution
		SolutionGuid = {863A1A77-D75E-4B35-9364-7DC98B6F0BB8}
	EndGlobalSection
EndGlobal
