
Microsoft Visual Studio Solution File, Format Version 12.00
# Visual Studio Version 17
VisualStudioVersion = 17.14.36414.22 d17.14
MinimumVisualStudioVersion = 10.0.40219.1
Project("{2150E333-8FDC-42A3-9474-1A3956D46DE8}") = "Task0", "Task0", "{36D591C7-65C7-A0D1-1CBC-10CDE441BDC8}"
EndProject
Project("{FAE04EC0-301F-11D3-BF4B-00C04F79EFBC}") = "Tyuiu.YarkovSD.Sprint4.Task0.V18", "Tyuiu.YarkovSD.Sprint3.Task0.V18\Tyuiu.YarkovSD.Sprint4.Task0.V18.csproj", "{1FEBB3AB-FA96-40AF-822A-6D685D947AE6}"
EndProject
Project("{FAE04EC0-301F-11D3-BF4B-00C04F79EFBC}") = "Tyuiu.YarkovSD.Sprint4.Task0.V18.Lib", "Tyuiu.YarkovSD.Sprint3.Task0.V18.Lib\Tyuiu.YarkovSD.Sprint4.Task0.V18.Lib.csproj", "{042EB2C8-2450-4B82-BDAB-A0278FDA420D}"
EndProject
Project("{FAE04EC0-301F-11D3-BF4B-00C04F79EFBC}") = "Tyuiu.YarkovSD.Sprint4.Task0.V18.Test", "Tyuiu.YarkovSD.Sprint3.Task0.V18.Test\Tyuiu.YarkovSD.Sprint4.Task0.V18.Test.csproj", "{19E3708E-FDB5-4707-8B25-41D09BC7EB97}"
EndProject
Global
	GlobalSection(SolutionConfigurationPlatforms) = preSolution
		Debug|Any CPU = Debug|Any CPU
		Release|Any CPU = Release|Any CPU
	EndGlobalSection
	GlobalSection(ProjectConfigurationPlatforms) = postSolution
		{1FEBB3AB-FA96-40AF-822A-6D685D947AE6}.Debug|Any CPU.ActiveCfg = Debug|Any CPU
		{1FEBB3AB-FA96-40AF-822A-6D685D947AE6}.Debug|Any CPU.Build.0 = Debug|Any CPU
		{1FEBB3AB-FA96-40AF-822A-6D685D947AE6}.Release|Any CPU.ActiveCfg = Release|Any CPU
		{1FEBB3AB-FA96-40AF-822A-6D685D947AE6}.Release|Any CPU.Build.0 = Release|Any CPU
		{042EB2C8-2450-4B82-BDAB-A0278FDA420D}.Debug|Any CPU.ActiveCfg = Debug|Any CPU
		{042EB2C8-2450-4B82-BDAB-A0278FDA420D}.Debug|Any CPU.Build.0 = Debug|Any CPU
		{042EB2C8-2450-4B82-BDAB-A0278FDA420D}.Release|Any CPU.ActiveCfg = Release|Any CPU
		{042EB2C8-2450-4B82-BDAB-A0278FDA420D}.Release|Any CPU.Build.0 = Release|Any CPU
		{19E3708E-FDB5-4707-8B25-41D09BC7EB97}.Debug|Any CPU.ActiveCfg = Debug|Any CPU
		{19E3708E-FDB5-4707-8B25-41D09BC7EB97}.Debug|Any CPU.Build.0 = Debug|Any CPU
		{19E3708E-FDB5-4707-8B25-41D09BC7EB97}.Release|Any CPU.ActiveCfg = Release|Any CPU
		{19E3708E-FDB5-4707-8B25-41D09BC7EB97}.Release|Any CPU.Build.0 = Release|Any CPU
	EndGlobalSection
	GlobalSection(SolutionProperties) = preSolution
		HideSolutionNode = FALSE
	EndGlobalSection
	GlobalSection(NestedProjects) = preSolution
		{1FEBB3AB-FA96-40AF-822A-6D685D947AE6} = {36D591C7-65C7-A0D1-1CBC-10CDE441BDC8}
		{042EB2C8-2450-4B82-BDAB-A0278FDA420D} = {36D591C7-65C7-A0D1-1CBC-10CDE441BDC8}
		{19E3708E-FDB5-4707-8B25-41D09BC7EB97} = {36D591C7-65C7-A0D1-1CBC-10CDE441BDC8}
	EndGlobalSection
	GlobalSection(ExtensibilityGlobals) = postSolution
		SolutionGuid = {863A1A77-D75E-4B35-9364-7DC98B6F0BB8}
	EndGlobalSection
EndGlobal
