
Microsoft Visual Studio Solution File, Format Version 12.00
# Visual Studio Version 17
VisualStudioVersion = 17.14.36414.22 d17.14
MinimumVisualStudioVersion = 10.0.40219.1
Project("{2150E333-8FDC-42A3-9474-1A3956D46DE8}") = "Task0", "Task0", "{36D591C7-65C7-A0D1-1CBC-10CDE441BDC8}"
EndProject
Project("{FAE04EC0-301F-11D3-BF4B-00C04F79EFBC}") = "Tyuiu.YarkovSD.Sprint4.Task0.V18", "Tyuiu.YarkovSD.Sprint4.Task0.V18\Tyuiu.YarkovSD.Sprint4.Task0.V18.csproj", "{B8218B07-265E-4057-9CEF-9D6440A5F404}"
EndProject
Project("{FAE04EC0-301F-11D3-BF4B-00C04F79EFBC}") = "Tyuiu.YarkovSD.Sprint4.Task0.V18.Lib", "Tyuiu.YarkovSD.Sprint4.Task0.V18.Lib\Tyuiu.YarkovSD.Sprint4.Task0.V18.Lib.csproj", "{0C550A0B-22C1-4EF3-A9BF-2A4BB64CC204}"
EndProject
Project("{FAE04EC0-301F-11D3-BF4B-00C04F79EFBC}") = "Tyuiu.YarkovSD.Sprint4.Task0.V18.Test", "Tyuiu.YarkovSD.Sprint4.Task0.V18.Test\Tyuiu.YarkovSD.Sprint4.Task0.V18.Test.csproj", "{821FF35F-5993-4DE1-9083-33614692660A}"
EndProject
Project("{2150E333-8FDC-42A3-9474-1A3956D46DE8}") = "Task1", "Task1", "{A8C26E1B-21F8-4A4F-AB30-32A87B0F01B8}"
EndProject
Project("{FAE04EC0-301F-11D3-BF4B-00C04F79EFBC}") = "Tyuiu.YarkovSD.Sprint4.Task1.V13", "Tyuiu.YarkovSD.Sprint4.Task1.V13\Tyuiu.YarkovSD.Sprint4.Task1.V13.csproj", "{ACF9D66D-28EC-4F0C-8690-8F95C73C6C6C}"
EndProject
Project("{FAE04EC0-301F-11D3-BF4B-00C04F79EFBC}") = "Tyuiu.YarkovSD.Sprint4.Task1.V13.Lib", "Tyuiu.YarkovSD.Sprint4.Task1.V13.Lib\Tyuiu.YarkovSD.Sprint4.Task1.V13.Lib.csproj", "{E91F0A65-2ED4-4B9E-B312-29FD34D46FC1}"
EndProject
Project("{FAE04EC0-301F-11D3-BF4B-00C04F79EFBC}") = "Tyuiu.YarkovSD.Sprint4.Task1.V13.Test", "Tyuiu.YarkovSD.Sprint4.Task1.V13.Test\Tyuiu.YarkovSD.Sprint4.Task1.V13.Test.csproj", "{75264D8F-B490-411D-A4CB-49AFFB443495}"
EndProject
Global
	GlobalSection(SolutionConfigurationPlatforms) = preSolution
		Debug|Any CPU = Debug|Any CPU
		Release|Any CPU = Release|Any CPU
	EndGlobalSection
	GlobalSection(ProjectConfigurationPlatforms) = postSolution
		{B8218B07-265E-4057-9CEF-9D6440A5F404}.Debug|Any CPU.ActiveCfg = Debug|Any CPU
		{B8218B07-265E-4057-9CEF-9D6440A5F404}.Debug|Any CPU.Build.0 = Debug|Any CPU
		{B8218B07-265E-4057-9CEF-9D6440A5F404}.Release|Any CPU.ActiveCfg = Release|Any CPU
		{B8218B07-265E-4057-9CEF-9D6440A5F404}.Release|Any CPU.Build.0 = Release|Any CPU
		{0C550A0B-22C1-4EF3-A9BF-2A4BB64CC204}.Debug|Any CPU.ActiveCfg = Debug|Any CPU
		{0C550A0B-22C1-4EF3-A9BF-2A4BB64CC204}.Debug|Any CPU.Build.0 = Debug|Any CPU
		{0C550A0B-22C1-4EF3-A9BF-2A4BB64CC204}.Release|Any CPU.ActiveCfg = Release|Any CPU
		{0C550A0B-22C1-4EF3-A9BF-2A4BB64CC204}.Release|Any CPU.Build.0 = Release|Any CPU
		{821FF35F-5993-4DE1-9083-33614692660A}.Debug|Any CPU.ActiveCfg = Debug|Any CPU
		{821FF35F-5993-4DE1-9083-33614692660A}.Debug|Any CPU.Build.0 = Debug|Any CPU
		{821FF35F-5993-4DE1-9083-33614692660A}.Release|Any CPU.ActiveCfg = Release|Any CPU
		{821FF35F-5993-4DE1-9083-33614692660A}.Release|Any CPU.Build.0 = Release|Any CPU
		{ACF9D66D-28EC-4F0C-8690-8F95C73C6C6C}.Debug|Any CPU.ActiveCfg = Debug|Any CPU
		{ACF9D66D-28EC-4F0C-8690-8F95C73C6C6C}.Debug|Any CPU.Build.0 = Debug|Any CPU
		{ACF9D66D-28EC-4F0C-8690-8F95C73C6C6C}.Release|Any CPU.ActiveCfg = Release|Any CPU
		{ACF9D66D-28EC-4F0C-8690-8F95C73C6C6C}.Release|Any CPU.Build.0 = Release|Any CPU
		{E91F0A65-2ED4-4B9E-B312-29FD34D46FC1}.Debug|Any CPU.ActiveCfg = Debug|Any CPU
		{E91F0A65-2ED4-4B9E-B312-29FD34D46FC1}.Debug|Any CPU.Build.0 = Debug|Any CPU
		{E91F0A65-2ED4-4B9E-B312-29FD34D46FC1}.Release|Any CPU.ActiveCfg = Release|Any CPU
		{E91F0A65-2ED4-4B9E-B312-29FD34D46FC1}.Release|Any CPU.Build.0 = Release|Any CPU
		{75264D8F-B490-411D-A4CB-49AFFB443495}.Debug|Any CPU.ActiveCfg = Debug|Any CPU
		{75264D8F-B490-411D-A4CB-49AFFB443495}.Debug|Any CPU.Build.0 = Debug|Any CPU
		{75264D8F-B490-411D-A4CB-49AFFB443495}.Release|Any CPU.ActiveCfg = Release|Any CPU
		{75264D8F-B490-411D-A4CB-49AFFB443495}.Release|Any CPU.Build.0 = Release|Any CPU
	EndGlobalSection
	GlobalSection(SolutionProperties) = preSolution
		HideSolutionNode = FALSE
	EndGlobalSection
	GlobalSection(NestedProjects) = preSolution
		{B8218B07-265E-4057-9CEF-9D6440A5F404} = {36D591C7-65C7-A0D1-1CBC-10CDE441BDC8}
		{0C550A0B-22C1-4EF3-A9BF-2A4BB64CC204} = {36D591C7-65C7-A0D1-1CBC-10CDE441BDC8}
		{821FF35F-5993-4DE1-9083-33614692660A} = {36D591C7-65C7-A0D1-1CBC-10CDE441BDC8}
		{ACF9D66D-28EC-4F0C-8690-8F95C73C6C6C} = {A8C26E1B-21F8-4A4F-AB30-32A87B0F01B8}
		{E91F0A65-2ED4-4B9E-B312-29FD34D46FC1} = {A8C26E1B-21F8-4A4F-AB30-32A87B0F01B8}
		{75264D8F-B490-411D-A4CB-49AFFB443495} = {A8C26E1B-21F8-4A4F-AB30-32A87B0F01B8}
	EndGlobalSection
	GlobalSection(ExtensibilityGlobals) = postSolution
		SolutionGuid = {863A1A77-D75E-4B35-9364-7DC98B6F0BB8}
	EndGlobalSection
EndGlobal
